dependencies:
- name: Citus
  repository: file://../dependencies/citus
  version: 12.1-alpine
- name: Cortex
  repository: file://../dependencies/cortex
  version: 1.14.0
- name: Grafana
  repository: file://../dependencies/grafana
  version: 0.9.1
- name: Kafka
  repository: file://../dependencies/kafka
  version: 0.9.1
- name: Keycloak
  repository: file://../dependencies/keycloak
  version: 0.9.1
- name: Prometheus
  repository: file://../dependencies/prometheus
  version: 2.39.1
digest: sha256:c006ed76445ed5c5b1135ad14be2075119c69597c36fbe004390452667decab2
generated: "2024-03-25T22:38:59.283556838+05:00"
